
Microsoft Visual Studio Solution File, Format Version 12.00
# Visual Studio 15
Project("{FAE04EC0-301F-11D3-BF4B-00C04F79EFBC}") = "Assembly-CSharp", "Assembly-CSharp.csproj", "{1BB4D762-928A-51E5-0B22-743588322481}"
EndProject
Project("{FAE04EC0-301F-11D3-BF4B-00C04F79EFBC}") = "Assembly-CSharp-Editor", "Assembly-CSharp-Editor.csproj", "{B7D84B54-0755-11BA-1104-C77D468C9F4B}"
EndProject
Global
	GlobalSection(SolutionConfigurationPlatforms) = preSolution
		Debug|Any CPU = Debug|Any CPU
		Release|Any CPU = Release|Any CPU
	EndGlobalSection
	GlobalSection(ProjectConfigurationPlatforms) = postSolution
		{1BB4D762-928A-51E5-0B22-743588322481}.Debug|Any CPU.ActiveCfg = Debug|Any CPU
		{1BB4D762-928A-51E5-0B22-743588322481}.Debug|Any CPU.Build.0 = Debug|Any CPU
		{1BB4D762-928A-51E5-0B22-743588322481}.Release|Any CPU.ActiveCfg = Release|Any CPU
		{1BB4D762-928A-51E5-0B22-743588322481}.Release|Any CPU.Build.0 = Release|Any CPU
		{B7D84B54-0755-11BA-1104-C77D468C9F4B}.Debug|Any CPU.ActiveCfg = Debug|Any CPU
		{B7D84B54-0755-11BA-1104-C77D468C9F4B}.Debug|Any CPU.Build.0 = Debug|Any CPU
		{B7D84B54-0755-11BA-1104-C77D468C9F4B}.Release|Any CPU.ActiveCfg = Release|Any CPU
		{B7D84B54-0755-11BA-1104-C77D468C9F4B}.Release|Any CPU.Build.0 = Release|Any CPU
	EndGlobalSection
	GlobalSection(SolutionProperties) = preSolution
		HideSolutionNode = FALSE
	EndGlobalSection
EndGlobal
